
Microsoft Visual Studio Solution File, Format Version 12.00
# Visual Studio Version 17
VisualStudioVersion = 17.10.35027.167
MinimumVisualStudioVersion = 10.0.40219.1
Project("{FAE04EC0-301F-11D3-BF4B-00C04F79EFBC}") = "CodeWars", "CodeWars\CodeWars.csproj", "{16D4CFCD-315E-4AA3-A1BB-EF85A85D8C3B}"
EndProject
Project("{FAE04EC0-301F-11D3-BF4B-00C04F79EFBC}") = "CodeWarsTests", "CodeWarsTests\CodeWarsTests.csproj", "{320B8391-BD4B-4080-8969-AB25E76B9924}"
EndProject
Global
	GlobalSection(SolutionConfigurationPlatforms) = preSolution
		Debug|Any CPU = Debug|Any CPU
		Release|Any CPU = Release|Any CPU
	EndGlobalSection
	GlobalSection(ProjectConfigurationPlatforms) = postSolution
		{16D4CFCD-315E-4AA3-A1BB-EF85A85D8C3B}.Debug|Any CPU.ActiveCfg = Debug|Any CPU
		{16D4CFCD-315E-4AA3-A1BB-EF85A85D8C3B}.Debug|Any CPU.Build.0 = Debug|Any CPU
		{16D4CFCD-315E-4AA3-A1BB-EF85A85D8C3B}.Release|Any CPU.ActiveCfg = Release|Any CPU
		{16D4CFCD-315E-4AA3-A1BB-EF85A85D8C3B}.Release|Any CPU.Build.0 = Release|Any CPU
		{320B8391-BD4B-4080-8969-AB25E76B9924}.Debug|Any CPU.ActiveCfg = Debug|Any CPU
		{320B8391-BD4B-4080-8969-AB25E76B9924}.Debug|Any CPU.Build.0 = Debug|Any CPU
		{320B8391-BD4B-4080-8969-AB25E76B9924}.Release|Any CPU.ActiveCfg = Release|Any CPU
		{320B8391-BD4B-4080-8969-AB25E76B9924}.Release|Any CPU.Build.0 = Release|Any CPU
	EndGlobalSection
	GlobalSection(SolutionProperties) = preSolution
		HideSolutionNode = FALSE
	EndGlobalSection
	GlobalSection(ExtensibilityGlobals) = postSolution
		SolutionGuid = {DC1C68B2-8458-4CB0-B794-5FE53F0D8D59}
	EndGlobalSection
EndGlobal
